// !$*UTF8*$!
{
	archiveVersion = 1;
	classes = {
	};
	objectVersion = 46;
	objects = {

/* Begin PBXBuildFile section */
		FA00C1861EC26F7B00779A87 /* SimpleTimerViewController.swift in Sources */ = {isa = PBXBuildFile; fileRef = FA00C1851EC26F7B00779A87 /* SimpleTimerViewController.swift */; };
		FA00C1881EC27B5A00779A87 /* RoundTimerViewController.swift in Sources */ = {isa = PBXBuildFile; fileRef = FA00C1871EC27B5A00779A87 /* RoundTimerViewController.swift */; };
		FA00C18E1EC4F71D00779A87 /* BasicTimer.swift in Sources */ = {isa = PBXBuildFile; fileRef = FA00C18D1EC4F71D00779A87 /* BasicTimer.swift */; };
		FA4E76331EC7D61400174BFE /* Observer.swift in Sources */ = {isa = PBXBuildFile; fileRef = FA4E76321EC7D61400174BFE /* Observer.swift */; };
		FA4E76351EC7D65A00174BFE /* Observable.swift in Sources */ = {isa = PBXBuildFile; fileRef = FA4E76341EC7D65A00174BFE /* Observable.swift */; };
		FA4E76371EC7E6BB00174BFE /* RoundTimerInformation.swift in Sources */ = {isa = PBXBuildFile; fileRef = FA4E76361EC7E6BB00174BFE /* RoundTimerInformation.swift */; };
		FA4E76391EC7E9BE00174BFE /* SimpleTimerInformation.swift in Sources */ = {isa = PBXBuildFile; fileRef = FA4E76381EC7E9BE00174BFE /* SimpleTimerInformation.swift */; };
		FA96EDFA1D7E934100D86BBB /* AppDelegate.swift in Sources */ = {isa = PBXBuildFile; fileRef = FA96EDF91D7E934100D86BBB /* AppDelegate.swift */; };
		FA96EDFC1D7E934100D86BBB /* RoundTimerSetupViewController.swift in Sources */ = {isa = PBXBuildFile; fileRef = FA96EDFB1D7E934100D86BBB /* RoundTimerSetupViewController.swift */; };
		FA96EDFE1D7E934100D86BBB /* SimpleTimerSetupViewController.swift in Sources */ = {isa = PBXBuildFile; fileRef = FA96EDFD1D7E934100D86BBB /* SimpleTimerSetupViewController.swift */; };
		FA96EE011D7E934100D86BBB /* Main.storyboard in Resources */ = {isa = PBXBuildFile; fileRef = FA96EDFF1D7E934100D86BBB /* Main.storyboard */; };
		FA96EE031D7E934100D86BBB /* Assets.xcassets in Resources */ = {isa = PBXBuildFile; fileRef = FA96EE021D7E934100D86BBB /* Assets.xcassets */; };
		FA96EE061D7E934100D86BBB /* LaunchScreen.storyboard in Resources */ = {isa = PBXBuildFile; fileRef = FA96EE041D7E934100D86BBB /* LaunchScreen.storyboard */; };
		FA96EE0E1D7E9C1100D86BBB /* RoundTimer.swift in Sources */ = {isa = PBXBuildFile; fileRef = FA96EE0D1D7E9C1100D86BBB /* RoundTimer.swift */; };
		FA96EE101D7FBA3000D86BBB /* DingDing.mp3 in Resources */ = {isa = PBXBuildFile; fileRef = FA96EE0F1D7FBA3000D86BBB /* DingDing.mp3 */; };
		FA96EE121D8077DC00D86BBB /* SimpleTimer.swift in Sources */ = {isa = PBXBuildFile; fileRef = FA96EE111D8077DC00D86BBB /* SimpleTimer.swift */; };
		FA96EE141D8147C100D86BBB /* localMemoryManager.swift in Sources */ = {isa = PBXBuildFile; fileRef = FA96EE131D8147C100D86BBB /* localMemoryManager.swift */; };
		FA96EE161D814CA200D86BBB /* BoxingTimerUserDataKeys.swift in Sources */ = {isa = PBXBuildFile; fileRef = FA96EE151D814CA200D86BBB /* BoxingTimerUserDataKeys.swift */; };
/* End PBXBuildFile section */

/* Begin PBXFileReference section */
		FA00C1851EC26F7B00779A87 /* SimpleTimerViewController.swift */ = {isa = PBXFileReference; fileEncoding = 4; lastKnownFileType = sourcecode.swift; path = SimpleTimerViewController.swift; sourceTree = "<group>"; };
		FA00C1871EC27B5A00779A87 /* RoundTimerViewController.swift */ = {isa = PBXFileReference; fileEncoding = 4; lastKnownFileType = sourcecode.swift; path = RoundTimerViewController.swift; sourceTree = "<group>"; };
		FA00C18D1EC4F71D00779A87 /* BasicTimer.swift */ = {isa = PBXFileReference; fileEncoding = 4; lastKnownFileType = sourcecode.swift; path = BasicTimer.swift; sourceTree = "<group>"; };
		FA4E76321EC7D61400174BFE /* Observer.swift */ = {isa = PBXFileReference; fileEncoding = 4; lastKnownFileType = sourcecode.swift; path = Observer.swift; sourceTree = "<group>"; };
		FA4E76341EC7D65A00174BFE /* Observable.swift */ = {isa = PBXFileReference; fileEncoding = 4; lastKnownFileType = sourcecode.swift; path = Observable.swift; sourceTree = "<group>"; };
		FA4E76361EC7E6BB00174BFE /* RoundTimerInformation.swift */ = {isa = PBXFileReference; fileEncoding = 4; lastKnownFileType = sourcecode.swift; path = RoundTimerInformation.swift; sourceTree = "<group>"; };
		FA4E76381EC7E9BE00174BFE /* SimpleTimerInformation.swift */ = {isa = PBXFileReference; fileEncoding = 4; lastKnownFileType = sourcecode.swift; path = SimpleTimerInformation.swift; sourceTree = "<group>"; };
		FA96EDF61D7E934100D86BBB /* Boxing timer.app */ = {isa = PBXFileReference; explicitFileType = wrapper.application; includeInIndex = 0; path = "Boxing timer.app"; sourceTree = BUILT_PRODUCTS_DIR; };
		FA96EDF91D7E934100D86BBB /* AppDelegate.swift */ = {isa = PBXFileReference; lastKnownFileType = sourcecode.swift; path = AppDelegate.swift; sourceTree = "<group>"; };
		FA96EDFB1D7E934100D86BBB /* RoundTimerSetupViewController.swift */ = {isa = PBXFileReference; lastKnownFileType = sourcecode.swift; path = RoundTimerSetupViewController.swift; sourceTree = "<group>"; };
		FA96EDFD1D7E934100D86BBB /* SimpleTimerSetupViewController.swift */ = {isa = PBXFileReference; lastKnownFileType = sourcecode.swift; path = SimpleTimerSetupViewController.swift; sourceTree = "<group>"; };
		FA96EE001D7E934100D86BBB /* Base */ = {isa = PBXFileReference; lastKnownFileType = file.storyboard; name = Base; path = Base.lproj/Main.storyboard; sourceTree = "<group>"; };
		FA96EE021D7E934100D86BBB /* Assets.xcassets */ = {isa = PBXFileReference; lastKnownFileType = folder.assetcatalog; path = Assets.xcassets; sourceTree = "<group>"; };
		FA96EE051D7E934100D86BBB /* Base */ = {isa = PBXFileReference; lastKnownFileType = file.storyboard; name = Base; path = Base.lproj/LaunchScreen.storyboard; sourceTree = "<group>"; };
		FA96EE071D7E934100D86BBB /* Info.plist */ = {isa = PBXFileReference; lastKnownFileType = text.plist.xml; path = Info.plist; sourceTree = "<group>"; };
		FA96EE0D1D7E9C1100D86BBB /* RoundTimer.swift */ = {isa = PBXFileReference; fileEncoding = 4; lastKnownFileType = sourcecode.swift; path = RoundTimer.swift; sourceTree = "<group>"; };
		FA96EE0F1D7FBA3000D86BBB /* DingDing.mp3 */ = {isa = PBXFileReference; lastKnownFileType = audio.mp3; path = DingDing.mp3; sourceTree = "<group>"; };
		FA96EE111D8077DC00D86BBB /* SimpleTimer.swift */ = {isa = PBXFileReference; fileEncoding = 4; lastKnownFileType = sourcecode.swift; path = SimpleTimer.swift; sourceTree = "<group>"; };
		FA96EE131D8147C100D86BBB /* localMemoryManager.swift */ = {isa = PBXFileReference; fileEncoding = 4; lastKnownFileType = sourcecode.swift; path = localMemoryManager.swift; sourceTree = "<group>"; };
		FA96EE151D814CA200D86BBB /* BoxingTimerUserDataKeys.swift */ = {isa = PBXFileReference; fileEncoding = 4; lastKnownFileType = sourcecode.swift; path = BoxingTimerUserDataKeys.swift; sourceTree = "<group>"; };
/* End PBXFileReference section */

/* Begin PBXFrameworksBuildPhase section */
		FA96EDF31D7E934100D86BBB /* Frameworks */ = {
			isa = PBXFrameworksBuildPhase;
			buildActionMask = 2147483647;
			files = (
			);
			runOnlyForDeploymentPostprocessing = 0;
		};
/* End PBXFrameworksBuildPhase section */

/* Begin PBXGroup section */
		FA00C1891EC4EC8300779A87 /* ViewControllers */ = {
			isa = PBXGroup;
			children = (
				FA00C1851EC26F7B00779A87 /* SimpleTimerViewController.swift */,
				FA00C1871EC27B5A00779A87 /* RoundTimerViewController.swift */,
				FA96EDFB1D7E934100D86BBB /* RoundTimerSetupViewController.swift */,
				FA96EDFD1D7E934100D86BBB /* SimpleTimerSetupViewController.swift */,
			);
			name = ViewControllers;
			sourceTree = "<group>";
		};
		FA00C18A1EC4ECA300779A87 /* Sounds */ = {
			isa = PBXGroup;
			children = (
				FA96EE0F1D7FBA3000D86BBB /* DingDing.mp3 */,
			);
			name = Sounds;
			sourceTree = "<group>";
		};
		FA00C18B1EC4ECC900779A87 /* Persistance */ = {
			isa = PBXGroup;
			children = (
				FA96EE131D8147C100D86BBB /* localMemoryManager.swift */,
				FA96EE151D814CA200D86BBB /* BoxingTimerUserDataKeys.swift */,
			);
			name = Persistance;
			sourceTree = "<group>";
		};
		FA00C18C1EC4ED1000779A87 /* TimerLogic */ = {
			isa = PBXGroup;
			children = (
				FA96EE0D1D7E9C1100D86BBB /* RoundTimer.swift */,
				FA96EE111D8077DC00D86BBB /* SimpleTimer.swift */,
				FA00C18D1EC4F71D00779A87 /* BasicTimer.swift */,
				FA4E76361EC7E6BB00174BFE /* RoundTimerInformation.swift */,
				FA4E76381EC7E9BE00174BFE /* SimpleTimerInformation.swift */,
			);
			name = TimerLogic;
			sourceTree = "<group>";
		};
		FA4E76311EC7D5F900174BFE /* Observer/Observable interface */ = {
			isa = PBXGroup;
			children = (
				FA4E76321EC7D61400174BFE /* Observer.swift */,
				FA4E76341EC7D65A00174BFE /* Observable.swift */,
			);
			name = "Observer/Observable interface";
			sourceTree = "<group>";
		};
		FA96EDED1D7E934100D86BBB = {
			isa = PBXGroup;
			children = (
				FA96EDF81D7E934100D86BBB /* Boxing timer */,
				FA96EDF71D7E934100D86BBB /* Products */,
			);
			sourceTree = "<group>";
		};
		FA96EDF71D7E934100D86BBB /* Products */ = {
			isa = PBXGroup;
			children = (
				FA96EDF61D7E934100D86BBB /* Boxing timer.app */,
			);
			name = Products;
			sourceTree = "<group>";
		};
		FA96EDF81D7E934100D86BBB /* Boxing timer */ = {
			isa = PBXGroup;
			children = (
				FA4E76311EC7D5F900174BFE /* Observer/Observable interface */,
				FA00C18C1EC4ED1000779A87 /* TimerLogic */,
				FA00C18B1EC4ECC900779A87 /* Persistance */,
				FA00C18A1EC4ECA300779A87 /* Sounds */,
				FA00C1891EC4EC8300779A87 /* ViewControllers */,
				FA96EDF91D7E934100D86BBB /* AppDelegate.swift */,
				FA96EDFF1D7E934100D86BBB /* Main.storyboard */,
				FA96EE021D7E934100D86BBB /* Assets.xcassets */,
				FA96EE041D7E934100D86BBB /* LaunchScreen.storyboard */,
				FA96EE071D7E934100D86BBB /* Info.plist */,
			);
			path = "Boxing timer";
			sourceTree = "<group>";
		};
/* End PBXGroup section */

/* Begin PBXNativeTarget section */
		FA96EDF51D7E934100D86BBB /* Boxing timer */ = {
			isa = PBXNativeTarget;
			buildConfigurationList = FA96EE0A1D7E934100D86BBB /* Build configuration list for PBXNativeTarget "Boxing timer" */;
			buildPhases = (
				FA96EDF21D7E934100D86BBB /* Sources */,
				FA96EDF31D7E934100D86BBB /* Frameworks */,
				FA96EDF41D7E934100D86BBB /* Resources */,
			);
			buildRules = (
			);
			dependencies = (
			);
			name = "Boxing timer";
			productName = "Boxing timer";
			productReference = FA96EDF61D7E934100D86BBB /* Boxing timer.app */;
			productType = "com.apple.product-type.application";
		};
/* End PBXNativeTarget section */

/* Begin PBXProject section */
		FA96EDEE1D7E934100D86BBB /* Project object */ = {
			isa = PBXProject;
			attributes = {
				LastSwiftUpdateCheck = 0730;
				LastUpgradeCheck = 0730;
				ORGANIZATIONNAME = "Rodolphe Brossard";
				TargetAttributes = {
					FA96EDF51D7E934100D86BBB = {
						CreatedOnToolsVersion = 7.3.1;
						DevelopmentTeam = 5W7E2RK452;
						LastSwiftMigration = 0830;
						ProvisioningStyle = Automatic;
					};
				};
			};
			buildConfigurationList = FA96EDF11D7E934100D86BBB /* Build configuration list for PBXProject "Boxing timer" */;
			compatibilityVersion = "Xcode 3.2";
			developmentRegion = English;
			hasScannedForEncodings = 0;
			knownRegions = (
				en,
				Base,
			);
			mainGroup = FA96EDED1D7E934100D86BBB;
			productRefGroup = FA96EDF71D7E934100D86BBB /* Products */;
			projectDirPath = "";
			projectRoot = "";
			targets = (
				FA96EDF51D7E934100D86BBB /* Boxing timer */,
			);
		};
/* End PBXProject section */

/* Begin PBXResourcesBuildPhase section */
		FA96EDF41D7E934100D86BBB /* Resources */ = {
			isa = PBXResourcesBuildPhase;
			buildActionMask = 2147483647;
			files = (
				FA96EE061D7E934100D86BBB /* LaunchScreen.storyboard in Resources */,
				FA96EE031D7E934100D86BBB /* Assets.xcassets in Resources */,
				FA96EE101D7FBA3000D86BBB /* DingDing.mp3 in Resources */,
				FA96EE011D7E934100D86BBB /* Main.storyboard in Resources */,
			);
			runOnlyForDeploymentPostprocessing = 0;
		};
/* End PBXResourcesBuildPhase section */

/* Begin PBXSourcesBuildPhase section */
		FA96EDF21D7E934100D86BBB /* Sources */ = {
			isa = PBXSourcesBuildPhase;
			buildActionMask = 2147483647;
			files = (
				FA96EDFE1D7E934100D86BBB /* SimpleTimerSetupViewController.swift in Sources */,
				FA96EE121D8077DC00D86BBB /* SimpleTimer.swift in Sources */,
				FA00C1881EC27B5A00779A87 /* RoundTimerViewController.swift in Sources */,
				FA96EE141D8147C100D86BBB /* localMemoryManager.swift in Sources */,
				FA4E76351EC7D65A00174BFE /* Observable.swift in Sources */,
				FA96EDFA1D7E934100D86BBB /* AppDelegate.swift in Sources */,
				FA4E76371EC7E6BB00174BFE /* RoundTimerInformation.swift in Sources */,
				FA00C1861EC26F7B00779A87 /* SimpleTimerViewController.swift in Sources */,
				FA4E76391EC7E9BE00174BFE /* SimpleTimerInformation.swift in Sources */,
				FA96EE0E1D7E9C1100D86BBB /* RoundTimer.swift in Sources */,
				FA00C18E1EC4F71D00779A87 /* BasicTimer.swift in Sources */,
				FA4E76331EC7D61400174BFE /* Observer.swift in Sources */,
				FA96EE161D814CA200D86BBB /* BoxingTimerUserDataKeys.swift in Sources */,
				FA96EDFC1D7E934100D86BBB /* RoundTimerSetupViewController.swift in Sources */,
			);
			runOnlyForDeploymentPostprocessing = 0;
		};
/* End PBXSourcesBuildPhase section */

/* Begin PBXVariantGroup section */
		FA96EDFF1D7E934100D86BBB /* Main.storyboard */ = {
			isa = PBXVariantGroup;
			children = (
				FA96EE001D7E934100D86BBB /* Base */,
			);
			name = Main.storyboard;
			sourceTree = "<group>";
		};
		FA96EE041D7E934100D86BBB /* LaunchScreen.storyboard */ = {
			isa = PBXVariantGroup;
			children = (
				FA96EE051D7E934100D86BBB /* Base */,
			);
			name = LaunchScreen.storyboard;
			sourceTree = "<group>";
		};
/* End PBXVariantGroup section */

/* Begin XCBuildConfiguration section */
		FA96EE081D7E934100D86BBB /* Debug */ = {
			isa = XCBuildConfiguration;
			buildSettings = {
				ALWAYS_SEARCH_USER_PATHS = NO;
				CLANG_ANALYZER_NONNULL = YES;
				CLANG_CXX_LANGUAGE_STANDARD = "gnu++0x";
				CLANG_CXX_LIBRARY = "libc++";
				CLANG_ENABLE_MODULES = YES;
				CLANG_ENABLE_OBJC_ARC = YES;
				CLANG_WARN_BOOL_CONVERSION = YES;
				CLANG_WARN_CONSTANT_CONVERSION = YES;
				CLANG_WARN_DIRECT_OBJC_ISA_USAGE = YES_ERROR;
				CLANG_WARN_EMPTY_BODY = YES;
				CLANG_WARN_ENUM_CONVERSION = YES;
				CLANG_WARN_INT_CONVERSION = YES;
				CLANG_WARN_OBJC_ROOT_CLASS = YES_ERROR;
				CLANG_WARN_UNREACHABLE_CODE = YES;
				CLANG_WARN__DUPLICATE_METHOD_MATCH = YES;
				"CODE_SIGN_IDENTITY[sdk=iphoneos*]" = "iPhone Developer";
				COPY_PHASE_STRIP = NO;
				DEBUG_INFORMATION_FORMAT = dwarf;
				ENABLE_STRICT_OBJC_MSGSEND = YES;
				ENABLE_TESTABILITY = YES;
				GCC_C_LANGUAGE_STANDARD = gnu99;
				GCC_DYNAMIC_NO_PIC = NO;
				GCC_NO_COMMON_BLOCKS = YES;
				GCC_OPTIMIZATION_LEVEL = 0;
				GCC_PREPROCESSOR_DEFINITIONS = (
					"DEBUG=1",
					"$(inherited)",
				);
				GCC_WARN_64_TO_32_BIT_CONVERSION = YES;
				GCC_WARN_ABOUT_RETURN_TYPE = YES_ERROR;
				GCC_WARN_UNDECLARED_SELECTOR = YES;
				GCC_WARN_UNINITIALIZED_AUTOS = YES_AGGRESSIVE;
				GCC_WARN_UNUSED_FUNCTION = YES;
				GCC_WARN_UNUSED_VARIABLE = YES;
				IPHONEOS_DEPLOYMENT_TARGET = 9.3;
				MTL_ENABLE_DEBUG_INFO = YES;
				ONLY_ACTIVE_ARCH = YES;
				SDKROOT = iphoneos;
				SWIFT_OPTIMIZATION_LEVEL = "-Onone";
			};
			name = Debug;
		};
		FA96EE091D7E934100D86BBB /* Release */ = {
			isa = XCBuildConfiguration;
			buildSettings = {
				ALWAYS_SEARCH_USER_PATHS = NO;
				CLANG_ANALYZER_NONNULL = YES;
				CLANG_CXX_LANGUAGE_STANDARD = "gnu++0x";
				CLANG_CXX_LIBRARY = "libc++";
				CLANG_ENABLE_MODULES = YES;
				CLANG_ENABLE_OBJC_ARC = YES;
				CLANG_WARN_BOOL_CONVERSION = YES;
				CLANG_WARN_CONSTANT_CONVERSION = YES;
				CLANG_WARN_DIRECT_OBJC_ISA_USAGE = YES_ERROR;
				CLANG_WARN_EMPTY_BODY = YES;
				CLANG_WARN_ENUM_CONVERSION = YES;
				CLANG_WARN_INT_CONVERSION = YES;
				CLANG_WARN_OBJC_ROOT_CLASS = YES_ERROR;
				CLANG_WARN_UNREACHABLE_CODE = YES;
				CLANG_WARN__DUPLICATE_METHOD_MATCH = YES;
				"CODE_SIGN_IDENTITY[sdk=iphoneos*]" = "iPhone Developer";
				COPY_PHASE_STRIP = NO;
				DEBUG_INFORMATION_FORMAT = "dwarf-with-dsym";
				ENABLE_NS_ASSERTIONS = NO;
				ENABLE_STRICT_OBJC_MSGSEND = YES;
				GCC_C_LANGUAGE_STANDARD = gnu99;
				GCC_NO_COMMON_BLOCKS = YES;
				GCC_WARN_64_TO_32_BIT_CONVERSION = YES;
				GCC_WARN_ABOUT_RETURN_TYPE = YES_ERROR;
				GCC_WARN_UNDECLARED_SELECTOR = YES;
				GCC_WARN_UNINITIALIZED_AUTOS = YES_AGGRESSIVE;
				GCC_WARN_UNUSED_FUNCTION = YES;
				GCC_WARN_UNUSED_VARIABLE = YES;
				IPHONEOS_DEPLOYMENT_TARGET = 9.3;
				MTL_ENABLE_DEBUG_INFO = NO;
				SDKROOT = iphoneos;
				VALIDATE_PRODUCT = YES;
			};
			name = Release;
		};
		FA96EE0B1D7E934100D86BBB /* Debug */ = {
			isa = XCBuildConfiguration;
			buildSettings = {
				ASSETCATALOG_COMPILER_APPICON_NAME = AppIcon;
				CODE_SIGN_IDENTITY = "iPhone Developer";
				"CODE_SIGN_IDENTITY[sdk=iphoneos*]" = "iPhone Developer";
				DEVELOPMENT_TEAM = 5W7E2RK452;
				INFOPLIST_FILE = "Boxing timer/Info.plist";
				IPHONEOS_DEPLOYMENT_TARGET = 7.0;
				LD_RUNPATH_SEARCH_PATHS = "$(inherited) @executable_path/Frameworks";
				PRODUCT_BUNDLE_IDENTIFIER = "Rodobros.Boxing-timer";
				PRODUCT_NAME = "$(TARGET_NAME)";
				PROVISIONING_PROFILE = "";
				PROVISIONING_PROFILE_SPECIFIER = "";
				SWIFT_VERSION = 3.0;
			};
			name = Debug;
		};
		FA96EE0C1D7E934100D86BBB /* Release */ = {
			isa = XCBuildConfiguration;
			buildSettings = {
				ASSETCATALOG_COMPILER_APPICON_NAME = AppIcon;
				CODE_SIGN_IDENTITY = "iPhone Developer";
				"CODE_SIGN_IDENTITY[sdk=iphoneos*]" = "iPhone Developer";
				DEVELOPMENT_TEAM = 5W7E2RK452;
				INFOPLIST_FILE = "Boxing timer/Info.plist";
				IPHONEOS_DEPLOYMENT_TARGET = 7.0;
				LD_RUNPATH_SEARCH_PATHS = "$(inherited) @executable_path/Frameworks";
				PRODUCT_BUNDLE_IDENTIFIER = "Rodobros.Boxing-timer";
				PRODUCT_NAME = "$(TARGET_NAME)";
				PROVISIONING_PROFILE = "";
				PROVISIONING_PROFILE_SPECIFIER = "";
				SWIFT_VERSION = 3.0;
			};
			name = Release;
		};
/* End XCBuildConfiguration section */

/* Begin XCConfigurationList section */
		FA96EDF11D7E934100D86BBB /* Build configuration list for PBXProject "Boxing timer" */ = {
			isa = XCConfigurationList;
			buildConfigurations = (
				FA96EE081D7E934100D86BBB /* Debug */,
				FA96EE091D7E934100D86BBB /* Release */,
			);
			defaultConfigurationIsVisible = 0;
			defaultConfigurationName = Release;
		};
		FA96EE0A1D7E934100D86BBB /* Build configuration list for PBXNativeTarget "Boxing timer" */ = {
			isa = XCConfigurationList;
			buildConfigurations = (
				FA96EE0B1D7E934100D86BBB /* Debug */,
				FA96EE0C1D7E934100D86BBB /* Release */,
			);
			defaultConfigurationIsVisible = 0;
			defaultConfigurationName = Release;
		};
/* End XCConfigurationList section */
	};
	rootObject = FA96EDEE1D7E934100D86BBB /* Project object */;
}
